
Microsoft Visual Studio Solution File, Format Version 12.00
# Visual Studio Version 17
VisualStudioVersion = 17.9.34607.119
MinimumVisualStudioVersion = 10.0.40219.1
Project("{2150E333-8FDC-42A3-9474-1A3956D46DE8}") = "Services", "Services", "{BA436AA7-27C9-4D7E-B815-83B6B15082B4}"
EndProject
Project("{2150E333-8FDC-42A3-9474-1A3956D46DE8}") = "Integration", "Integration", "{A0AB36C0-B3B5-4DC7-BBB2-F6FA51480455}"
EndProject
Project("{2150E333-8FDC-42A3-9474-1A3956D46DE8}") = "Gateway", "Gateway", "{70EC9EC8-0473-4170-B4B1-652248EC1D61}"
EndProject
Project("{FAE04EC0-301F-11D3-BF4B-00C04F79EFBC}") = "Sispos.Services.AuthApi", "Sispos.Services.AuthApi\Sispos.Services.AuthApi.csproj", "{35E4B9C5-93D2-4182-BC46-40361BFB9BDF}"
EndProject
Global
	GlobalSection(SolutionConfigurationPlatforms) = preSolution
		Debug|Any CPU = Debug|Any CPU
		Release|Any CPU = Release|Any CPU
	EndGlobalSection
	GlobalSection(ProjectConfigurationPlatforms) = postSolution
		{35E4B9C5-93D2-4182-BC46-40361BFB9BDF}.Debug|Any CPU.ActiveCfg = Debug|Any CPU
		{35E4B9C5-93D2-4182-BC46-40361BFB9BDF}.Debug|Any CPU.Build.0 = Debug|Any CPU
		{35E4B9C5-93D2-4182-BC46-40361BFB9BDF}.Release|Any CPU.ActiveCfg = Release|Any CPU
		{35E4B9C5-93D2-4182-BC46-40361BFB9BDF}.Release|Any CPU.Build.0 = Release|Any CPU
	EndGlobalSection
	GlobalSection(SolutionProperties) = preSolution
		HideSolutionNode = FALSE
	EndGlobalSection
	GlobalSection(NestedProjects) = preSolution
		{35E4B9C5-93D2-4182-BC46-40361BFB9BDF} = {BA436AA7-27C9-4D7E-B815-83B6B15082B4}
	EndGlobalSection
	GlobalSection(ExtensibilityGlobals) = postSolution
		SolutionGuid = {ECC32DDF-12FA-4804-867E-D5020B791D99}
	EndGlobalSection
EndGlobal
